// !$*UTF8*$!
{
	archiveVersion = 1;
	classes = {
	};
	objectVersion = 46;
	objects = {

/* Begin PBXBuildFile section */
		340922B8192BBEAD00D1497A /* Foundation.framework in Frameworks */ = {isa = PBXBuildFile; fileRef = 340922B7192BBEAD00D1497A /* Foundation.framework */; };
		340922BA192BBEAD00D1497A /* CoreGraphics.framework in Frameworks */ = {isa = PBXBuildFile; fileRef = 340922B9192BBEAD00D1497A /* CoreGraphics.framework */; };
		340922BC192BBEAD00D1497A /* UIKit.framework in Frameworks */ = {isa = PBXBuildFile; fileRef = 340922BB192BBEAD00D1497A /* UIKit.framework */; };
		340922C2192BBEAD00D1497A /* InfoPlist.strings in Resources */ = {isa = PBXBuildFile; fileRef = 340922C0192BBEAD00D1497A /* InfoPlist.strings */; };
		340922C4192BBEAD00D1497A /* main.m in Sources */ = {isa = PBXBuildFile; fileRef = 340922C3192BBEAD00D1497A /* main.m */; };
		340922C8192BBEAD00D1497A /* AppDelegate.m in Sources */ = {isa = PBXBuildFile; fileRef = 340922C7192BBEAD00D1497A /* AppDelegate.m */; };
		340922CB192BBEAD00D1497A /* Main.storyboard in Resources */ = {isa = PBXBuildFile; fileRef = 340922C9192BBEAD00D1497A /* Main.storyboard */; };
		340922CE192BBEAD00D1497A /* ViewController.m in Sources */ = {isa = PBXBuildFile; fileRef = 340922CD192BBEAD00D1497A /* ViewController.m */; };
		340922D0192BBEAD00D1497A /* Images.xcassets in Resources */ = {isa = PBXBuildFile; fileRef = 340922CF192BBEAD00D1497A /* Images.xcassets */; };
		340922D7192BBEAD00D1497A /* XCTest.framework in Frameworks */ = {isa = PBXBuildFile; fileRef = 340922D6192BBEAD00D1497A /* XCTest.framework */; };
		340922D8192BBEAD00D1497A /* Foundation.framework in Frameworks */ = {isa = PBXBuildFile; fileRef = 340922B7192BBEAD00D1497A /* Foundation.framework */; };
		340922D9192BBEAD00D1497A /* UIKit.framework in Frameworks */ = {isa = PBXBuildFile; fileRef = 340922BB192BBEAD00D1497A /* UIKit.framework */; };
		340922E1192BBEAD00D1497A /* InfoPlist.strings in Resources */ = {isa = PBXBuildFile; fileRef = 340922DF192BBEAD00D1497A /* InfoPlist.strings */; };
		340922E3192BBEAD00D1497A /* CurrencyConverterIosTests.m in Sources */ = {isa = PBXBuildFile; fileRef = 340922E2192BBEAD00D1497A /* CurrencyConverterIosTests.m */; };
/* End PBXBuildFile section */

/* Begin PBXContainerItemProxy section */
		340922DA192BBEAD00D1497A /* PBXContainerItemProxy */ = {
			isa = PBXContainerItemProxy;
			containerPortal = 340922AC192BBEAD00D1497A /* Project object */;
			proxyType = 1;
			remoteGlobalIDString = 340922B3192BBEAD00D1497A;
			remoteInfo = CurrencyConverterIos;
		};
/* End PBXContainerItemProxy section */

/* Begin PBXFileReference section */
		340922B4192BBEAD00D1497A /* CurrencyConverterIos.app */ = {isa = PBXFileReference; explicitFileType = wrapper.application; includeInIndex = 0; path = CurrencyConverterIos.app; sourceTree = BUILT_PRODUCTS_DIR; };
		340922B7192BBEAD00D1497A /* Foundation.framework */ = {isa = PBXFileReference; lastKnownFileType = wrapper.framework; name = Foundation.framework; path = System/Library/Frameworks/Foundation.framework; sourceTree = SDKROOT; };
		340922B9192BBEAD00D1497A /* CoreGraphics.framework */ = {isa = PBXFileReference; lastKnownFileType = wrapper.framework; name = CoreGraphics.framework; path = System/Library/Frameworks/CoreGraphics.framework; sourceTree = SDKROOT; };
		340922BB192BBEAD00D1497A /* UIKit.framework */ = {isa = PBXFileReference; lastKnownFileType = wrapper.framework; name = UIKit.framework; path = System/Library/Frameworks/UIKit.framework; sourceTree = SDKROOT; };
		340922BF192BBEAD00D1497A /* CurrencyConverterIos-Info.plist */ = {isa = PBXFileReference; lastKnownFileType = text.plist.xml; path = "CurrencyConverterIos-Info.plist"; sourceTree = "<group>"; };
		340922C1192BBEAD00D1497A /* en */ = {isa = PBXFileReference; lastKnownFileType = text.plist.strings; name = en; path = en.lproj/InfoPlist.strings; sourceTree = "<group>"; };
		340922C3192BBEAD00D1497A /* main.m */ = {isa = PBXFileReference; lastKnownFileType = sourcecode.c.objc; path = main.m; sourceTree = "<group>"; };
		340922C5192BBEAD00D1497A /* CurrencyConverterIos-Prefix.pch */ = {isa = PBXFileReference; lastKnownFileType = sourcecode.c.h; path = "CurrencyConverterIos-Prefix.pch"; sourceTree = "<group>"; };
		340922C6192BBEAD00D1497A /* AppDelegate.h */ = {isa = PBXFileReference; lastKnownFileType = sourcecode.c.h; path = AppDelegate.h; sourceTree = "<group>"; };
		340922C7192BBEAD00D1497A /* AppDelegate.m */ = {isa = PBXFileReference; lastKnownFileType = sourcecode.c.objc; path = AppDelegate.m; sourceTree = "<group>"; };
		340922CA192BBEAD00D1497A /* Base */ = {isa = PBXFileReference; lastKnownFileType = file.storyboard; name = Base; path = Base.lproj/Main.storyboard; sourceTree = "<group>"; };
		340922CC192BBEAD00D1497A /* ViewController.h */ = {isa = PBXFileReference; lastKnownFileType = sourcecode.c.h; path = ViewController.h; sourceTree = "<group>"; };
		340922CD192BBEAD00D1497A /* ViewController.m */ = {isa = PBXFileReference; lastKnownFileType = sourcecode.c.objc; path = ViewController.m; sourceTree = "<group>"; };
		340922CF192BBEAD00D1497A /* Images.xcassets */ = {isa = PBXFileReference; lastKnownFileType = folder.assetcatalog; path = Images.xcassets; sourceTree = "<group>"; };
		340922D5192BBEAD00D1497A /* CurrencyConverterIosTests.xctest */ = {isa = PBXFileReference; explicitFileType = wrapper.cfbundle; includeInIndex = 0; path = CurrencyConverterIosTests.xctest; sourceTree = BUILT_PRODUCTS_DIR; };
		340922D6192BBEAD00D1497A /* XCTest.framework */ = {isa = PBXFileReference; lastKnownFileType = wrapper.framework; name = XCTest.framework; path = Library/Frameworks/XCTest.framework; sourceTree = DEVELOPER_DIR; };
		340922DE192BBEAD00D1497A /* CurrencyConverterIosTests-Info.plist */ = {isa = PBXFileReference; lastKnownFileType = text.plist.xml; path = "CurrencyConverterIosTests-Info.plist"; sourceTree = "<group>"; };
		340922E0192BBEAD00D1497A /* en */ = {isa = PBXFileReference; lastKnownFileType = text.plist.strings; name = en; path = en.lproj/InfoPlist.strings; sourceTree = "<group>"; };
		340922E2192BBEAD00D1497A /* CurrencyConverterIosTests.m */ = {isa = PBXFileReference; lastKnownFileType = sourcecode.c.objc; path = CurrencyConverterIosTests.m; sourceTree = "<group>"; };
/* End PBXFileReference section */

/* Begin PBXFrameworksBuildPhase section */
		340922B1192BBEAD00D1497A /* Frameworks */ = {
			isa = PBXFrameworksBuildPhase;
			buildActionMask = 2147483647;
			files = (
				340922BA192BBEAD00D1497A /* CoreGraphics.framework in Frameworks */,
				340922BC192BBEAD00D1497A /* UIKit.framework in Frameworks */,
				340922B8192BBEAD00D1497A /* Foundation.framework in Frameworks */,
			);
			runOnlyForDeploymentPostprocessing = 0;
		};
		340922D2192BBEAD00D1497A /* Frameworks */ = {
			isa = PBXFrameworksBuildPhase;
			buildActionMask = 2147483647;
			files = (
				340922D7192BBEAD00D1497A /* XCTest.framework in Frameworks */,
				340922D9192BBEAD00D1497A /* UIKit.framework in Frameworks */,
				340922D8192BBEAD00D1497A /* Foundation.framework in Frameworks */,
			);
			runOnlyForDeploymentPostprocessing = 0;
		};
/* End PBXFrameworksBuildPhase section */

/* Begin PBXGroup section */
		340922AB192BBEAD00D1497A = {
			isa = PBXGroup;
			children = (
				340922BD192BBEAD00D1497A /* CurrencyConverterIos */,
				340922DC192BBEAD00D1497A /* CurrencyConverterIosTests */,
				340922B6192BBEAD00D1497A /* Frameworks */,
				340922B5192BBEAD00D1497A /* Products */,
			);
			sourceTree = "<group>";
		};
		340922B5192BBEAD00D1497A /* Products */ = {
			isa = PBXGroup;
			children = (
				340922B4192BBEAD00D1497A /* CurrencyConverterIos.app */,
				340922D5192BBEAD00D1497A /* CurrencyConverterIosTests.xctest */,
			);
			name = Products;
			sourceTree = "<group>";
		};
		340922B6192BBEAD00D1497A /* Frameworks */ = {
			isa = PBXGroup;
			children = (
				340922B7192BBEAD00D1497A /* Foundation.framework */,
				340922B9192BBEAD00D1497A /* CoreGraphics.framework */,
				340922BB192BBEAD00D1497A /* UIKit.framework */,
				340922D6192BBEAD00D1497A /* XCTest.framework */,
			);
			name = Frameworks;
			sourceTree = "<group>";
		};
		340922BD192BBEAD00D1497A /* CurrencyConverterIos */ = {
			isa = PBXGroup;
			children = (
				340922C6192BBEAD00D1497A /* AppDelegate.h */,
				340922C7192BBEAD00D1497A /* AppDelegate.m */,
				340922C9192BBEAD00D1497A /* Main.storyboard */,
				340922CC192BBEAD00D1497A /* ViewController.h */,
				340922CD192BBEAD00D1497A /* ViewController.m */,
				340922CF192BBEAD00D1497A /* Images.xcassets */,
				340922BE192BBEAD00D1497A /* Supporting Files */,
			);
			path = CurrencyConverterIos;
			sourceTree = "<group>";
		};
		340922BE192BBEAD00D1497A /* Supporting Files */ = {
			isa = PBXGroup;
			children = (
				340922BF192BBEAD00D1497A /* CurrencyConverterIos-Info.plist */,
				340922C0192BBEAD00D1497A /* InfoPlist.strings */,
				340922C3192BBEAD00D1497A /* main.m */,
				340922C5192BBEAD00D1497A /* CurrencyConverterIos-Prefix.pch */,
			);
			name = "Supporting Files";
			sourceTree = "<group>";
		};
		340922DC192BBEAD00D1497A /* CurrencyConverterIosTests */ = {
			isa = PBXGroup;
			children = (
				340922E2192BBEAD00D1497A /* CurrencyConverterIosTests.m */,
				340922DD192BBEAD00D1497A /* Supporting Files */,
			);
			path = CurrencyConverterIosTests;
			sourceTree = "<group>";
		};
		340922DD192BBEAD00D1497A /* Supporting Files */ = {
			isa = PBXGroup;
			children = (
				340922DE192BBEAD00D1497A /* CurrencyConverterIosTests-Info.plist */,
				340922DF192BBEAD00D1497A /* InfoPlist.strings */,
			);
			name = "Supporting Files";
			sourceTree = "<group>";
		};
/* End PBXGroup section */

/* Begin PBXNativeTarget section */
		340922B3192BBEAD00D1497A /* CurrencyConverterIos */ = {
			isa = PBXNativeTarget;
			buildConfigurationList = 340922E6192BBEAD00D1497A /* Build configuration list for PBXNativeTarget "CurrencyConverterIos" */;
			buildPhases = (
				340922B0192BBEAD00D1497A /* Sources */,
				340922B1192BBEAD00D1497A /* Frameworks */,
				340922B2192BBEAD00D1497A /* Resources */,
			);
			buildRules = (
			);
			dependencies = (
			);
			name = CurrencyConverterIos;
			productName = CurrencyConverterIos;
			productReference = 340922B4192BBEAD00D1497A /* CurrencyConverterIos.app */;
			productType = "com.apple.product-type.application";
		};
		340922D4192BBEAD00D1497A /* CurrencyConverterIosTests */ = {
			isa = PBXNativeTarget;
			buildConfigurationList = 340922E9192BBEAD00D1497A /* Build configuration list for PBXNativeTarget "CurrencyConverterIosTests" */;
			buildPhases = (
				340922D1192BBEAD00D1497A /* Sources */,
				340922D2192BBEAD00D1497A /* Frameworks */,
				340922D3192BBEAD00D1497A /* Resources */,
			);
			buildRules = (
			);
			dependencies = (
				340922DB192BBEAD00D1497A /* PBXTargetDependency */,
			);
			name = CurrencyConverterIosTests;
			productName = CurrencyConverterIosTests;
			productReference = 340922D5192BBEAD00D1497A /* CurrencyConverterIosTests.xctest */;
			productType = "com.apple.product-type.bundle.unit-test";
		};
/* End PBXNativeTarget section */

/* Begin PBXProject section */
		340922AC192BBEAD00D1497A /* Project object */ = {
			isa = PBXProject;
			attributes = {
				LastUpgradeCheck = 0510;
				ORGANIZATIONNAME = "___SurbhiSinghal___";
				TargetAttributes = {
					340922D4192BBEAD00D1497A = {
						TestTargetID = 340922B3192BBEAD00D1497A;
					};
				};
			};
			buildConfigurationList = 340922AF192BBEAD00D1497A /* Build configuration list for PBXProject "CurrencyConverterIos" */;
			compatibilityVersion = "Xcode 3.2";
			developmentRegion = English;
			hasScannedForEncodings = 0;
			knownRegions = (
				en,
				Base,
			);
			mainGroup = 340922AB192BBEAD00D1497A;
			productRefGroup = 340922B5192BBEAD00D1497A /* Products */;
			projectDirPath = "";
			projectRoot = "";
			targets = (
				340922B3192BBEAD00D1497A /* CurrencyConverterIos */,
				340922D4192BBEAD00D1497A /* CurrencyConverterIosTests */,
			);
		};
/* End PBXProject section */

/* Begin PBXResourcesBuildPhase section */
		340922B2192BBEAD00D1497A /* Resources */ = {
			isa = PBXResourcesBuildPhase;
			buildActionMask = 2147483647;
			files = (
				340922D0192BBEAD00D1497A /* Images.xcassets in Resources */,
				340922C2192BBEAD00D1497A /* InfoPlist.strings in Resources */,
				340922CB192BBEAD00D1497A /* Main.storyboard in Resources */,
			);
			runOnlyForDeploymentPostprocessing = 0;
		};
		340922D3192BBEAD00D1497A /* Resources */ = {
			isa = PBXResourcesBuildPhase;
			buildActionMask = 2147483647;
			files = (
				340922E1192BBEAD00D1497A /* InfoPlist.strings in Resources */,
			);
			runOnlyForDeploymentPostprocessing = 0;
		};
/* End PBXResourcesBuildPhase section */

/* Begin PBXSourcesBuildPhase section */
		340922B0192BBEAD00D1497A /* Sources */ = {
			isa = PBXSourcesBuildPhase;
			buildActionMask = 2147483647;
			files = (
				340922CE192BBEAD00D1497A /* ViewController.m in Sources */,
				340922C8192BBEAD00D1497A /* AppDelegate.m in Sources */,
				340922C4192BBEAD00D1497A /* main.m in Sources */,
			);
			runOnlyForDeploymentPostprocessing = 0;
		};
		340922D1192BBEAD00D1497A /* Sources */ = {
			isa = PBXSourcesBuildPhase;
			buildActionMask = 2147483647;
			files = (
				340922E3192BBEAD00D1497A /* CurrencyConverterIosTests.m in Sources */,
			);
			runOnlyForDeploymentPostprocessing = 0;
		};
/* End PBXSourcesBuildPhase section */

/* Begin PBXTargetDependency section */
		340922DB192BBEAD00D1497A /* PBXTargetDependency */ = {
			isa = PBXTargetDependency;
			target = 340922B3192BBEAD00D1497A /* CurrencyConverterIos */;
			targetProxy = 340922DA192BBEAD00D1497A /* PBXContainerItemProxy */;
		};
/* End PBXTargetDependency section */

/* Begin PBXVariantGroup section */
		340922C0192BBEAD00D1497A /* InfoPlist.strings */ = {
			isa = PBXVariantGroup;
			children = (
				340922C1192BBEAD00D1497A /* en */,
			);
			name = InfoPlist.strings;
			sourceTree = "<group>";
		};
		340922C9192BBEAD00D1497A /* Main.storyboard */ = {
			isa = PBXVariantGroup;
			children = (
				340922CA192BBEAD00D1497A /* Base */,
			);
			name = Main.storyboard;
			sourceTree = "<group>";
		};
		340922DF192BBEAD00D1497A /* InfoPlist.strings */ = {
			isa = PBXVariantGroup;
			children = (
				340922E0192BBEAD00D1497A /* en */,
			);
			name = InfoPlist.strings;
			sourceTree = "<group>";
		};
/* End PBXVariantGroup section */

/* Begin XCBuildConfiguration section */
		340922E4192BBEAD00D1497A /* Debug */ = {
			isa = XCBuildConfiguration;
			buildSettings = {
				ALWAYS_SEARCH_USER_PATHS = NO;
				CLANG_CXX_LANGUAGE_STANDARD = "gnu++0x";
				CLANG_CXX_LIBRARY = "libc++";
				CLANG_ENABLE_MODULES = YES;
				CLANG_ENABLE_OBJC_ARC = YES;
				CLANG_WARN_BOOL_CONVERSION = YES;
				CLANG_WARN_CONSTANT_CONVERSION = YES;
				CLANG_WARN_DIRECT_OBJC_ISA_USAGE = YES_ERROR;
				CLANG_WARN_EMPTY_BODY = YES;
				CLANG_WARN_ENUM_CONVERSION = YES;
				CLANG_WARN_INT_CONVERSION = YES;
				CLANG_WARN_OBJC_ROOT_CLASS = YES_ERROR;
				CLANG_WARN__DUPLICATE_METHOD_MATCH = YES;
				"CODE_SIGN_IDENTITY[sdk=iphoneos*]" = "iPhone Developer";
				COPY_PHASE_STRIP = NO;
				GCC_C_LANGUAGE_STANDARD = gnu99;
				GCC_DYNAMIC_NO_PIC = NO;
				GCC_OPTIMIZATION_LEVEL = 0;
				GCC_PREPROCESSOR_DEFINITIONS = (
					"DEBUG=1",
					"$(inherited)",
				);
				GCC_SYMBOLS_PRIVATE_EXTERN = NO;
				GCC_WARN_64_TO_32_BIT_CONVERSION = YES;
				GCC_WARN_ABOUT_RETURN_TYPE = YES_ERROR;
				GCC_WARN_UNDECLARED_SELECTOR = YES;
				GCC_WARN_UNINITIALIZED_AUTOS = YES_AGGRESSIVE;
				GCC_WARN_UNUSED_FUNCTION = YES;
				GCC_WARN_UNUSED_VARIABLE = YES;
				IPHONEOS_DEPLOYMENT_TARGET = 7.1;
				ONLY_ACTIVE_ARCH = YES;
				SDKROOT = iphoneos;
			};
			name = Debug;
		};
		340922E5192BBEAD00D1497A /* Release */ = {
			isa = XCBuildConfiguration;
			buildSettings = {
				ALWAYS_SEARCH_USER_PATHS = NO;
				CLANG_CXX_LANGUAGE_STANDARD = "gnu++0x";
				CLANG_CXX_LIBRARY = "libc++";
				CLANG_ENABLE_MODULES = YES;
				CLANG_ENABLE_OBJC_ARC = YES;
				CLANG_WARN_BOOL_CONVERSION = YES;
				CLANG_WARN_CONSTANT_CONVERSION = YES;
				CLANG_WARN_DIRECT_OBJC_ISA_USAGE = YES_ERROR;
				CLANG_WARN_EMPTY_BODY = YES;
				CLANG_WARN_ENUM_CONVERSION = YES;
				CLANG_WARN_INT_CONVERSION = YES;
				CLANG_WARN_OBJC_ROOT_CLASS = YES_ERROR;
				CLANG_WARN__DUPLICATE_METHOD_MATCH = YES;
				"CODE_SIGN_IDENTITY[sdk=iphoneos*]" = "iPhone Developer";
				COPY_PHASE_STRIP = YES;
				ENABLE_NS_ASSERTIONS = NO;
				GCC_C_LANGUAGE_STANDARD = gnu99;
				GCC_WARN_64_TO_32_BIT_CONVERSION = YES;
				GCC_WARN_ABOUT_RETURN_TYPE = YES_ERROR;
				GCC_WARN_UNDECLARED_SELECTOR = YES;
				GCC_WARN_UNINITIALIZED_AUTOS = YES_AGGRESSIVE;
				GCC_WARN_UNUSED_FUNCTION = YES;
				GCC_WARN_UNUSED_VARIABLE = YES;
				IPHONEOS_DEPLOYMENT_TARGET = 7.1;
				SDKROOT = iphoneos;
				VALIDATE_PRODUCT = YES;
			};
			name = Release;
		};
		340922E7192BBEAD00D1497A /* Debug */ = {
			isa = XCBuildConfiguration;
			buildSettings = {
				ASSETCATALOG_COMPILER_APPICON_NAME = AppIcon;
				ASSETCATALOG_COMPILER_LAUNCHIMAGE_NAME = LaunchImage;
				GCC_PRECOMPILE_PREFIX_HEADER = YES;
				GCC_PREFIX_HEADER = "CurrencyConverterIos/CurrencyConverterIos-Prefix.pch";
				INFOPLIST_FILE = "CurrencyConverterIos/CurrencyConverterIos-Info.plist";
				PRODUCT_NAME = "$(TARGET_NAME)";
				WRAPPER_EXTENSION = app;
			};
			name = Debug;
		};
		340922E8192BBEAD00D1497A /* Release */ = {
			isa = XCBuildConfiguration;
			buildSettings = {
				ASSETCATALOG_COMPILER_APPICON_NAME = AppIcon;
				ASSETCATALOG_COMPILER_LAUNCHIMAGE_NAME = LaunchImage;
				GCC_PRECOMPILE_PREFIX_HEADER = YES;
				GCC_PREFIX_HEADER = "CurrencyConverterIos/CurrencyConverterIos-Prefix.pch";
				INFOPLIST_FILE = "CurrencyConverterIos/CurrencyConverterIos-Info.plist";
				PRODUCT_NAME = "$(TARGET_NAME)";
				WRAPPER_EXTENSION = app;
			};
			name = Release;
		};
		340922EA192BBEAD00D1497A /* Debug */ = {
			isa = XCBuildConfiguration;
			buildSettings = {
				BUNDLE_LOADER = "$(BUILT_PRODUCTS_DIR)/CurrencyConverterIos.app/CurrencyConverterIos";
				FRAMEWORK_SEARCH_PATHS = (
					"$(SDKROOT)/Developer/Library/Frameworks",
					"$(inherited)",
					"$(DEVELOPER_FRAMEWORKS_DIR)",
				);
				GCC_PRECOMPILE_PREFIX_HEADER = YES;
				GCC_PREFIX_HEADER = "CurrencyConverterIos/CurrencyConverterIos-Prefix.pch";
				GCC_PREPROCESSOR_DEFINITIONS = (
					"DEBUG=1",
					"$(inherited)",
				);
				INFOPLIST_FILE = "CurrencyConverterIosTests/CurrencyConverterIosTests-Info.plist";
				PRODUCT_NAME = "$(TARGET_NAME)";
				TEST_HOST = "$(BUNDLE_LOADER)";
				WRAPPER_EXTENSION = xctest;
			};
			name = Debug;
		};
		340922EB192BBEAD00D1497A /* Release */ = {
			isa = XCBuildConfiguration;
			buildSettings = {
				BUNDLE_LOADER = "$(BUILT_PRODUCTS_DIR)/CurrencyConverterIos.app/CurrencyConverterIos";
				FRAMEWORK_SEARCH_PATHS = (
					"$(SDKROOT)/Developer/Library/Frameworks",
					"$(inherited)",
					"$(DEVELOPER_FRAMEWORKS_DIR)",
				);
				GCC_PRECOMPILE_PREFIX_HEADER = YES;
				GCC_PREFIX_HEADER = "CurrencyConverterIos/CurrencyConverterIos-Prefix.pch";
				INFOPLIST_FILE = "CurrencyConverterIosTests/CurrencyConverterIosTests-Info.plist";
				PRODUCT_NAME = "$(TARGET_NAME)";
				TEST_HOST = "$(BUNDLE_LOADER)";
				WRAPPER_EXTENSION = xctest;
			};
			name = Release;
		};
/* End XCBuildConfiguration section */

/* Begin XCConfigurationList section */
		340922AF192BBEAD00D1497A /* Build configuration list for PBXProject "CurrencyConverterIos" */ = {
			isa = XCConfigurationList;
			buildConfigurations = (
				340922E4192BBEAD00D1497A /* Debug */,
				340922E5192BBEAD00D1497A /* Release */,
			);
			defaultConfigurationIsVisible = 0;
			defaultConfigurationName = Release;
		};
		340922E6192BBEAD00D1497A /* Build configuration list for PBXNativeTarget "CurrencyConverterIos" */ = {
			isa = XCConfigurationList;
			buildConfigurations = (
				340922E7192BBEAD00D1497A /* Debug */,
				340922E8192BBEAD00D1497A /* Release */,
			);
			defaultConfigurationIsVisible = 0;
		};
		340922E9192BBEAD00D1497A /* Build configuration list for PBXNativeTarget "CurrencyConverterIosTests" */ = {
			isa = XCConfigurationList;
			buildConfigurations = (
				340922EA192BBEAD00D1497A /* Debug */,
				340922EB192BBEAD00D1497A /* Release */,
			);
			defaultConfigurationIsVisible = 0;
		};
/* End XCConfigurationList section */
	};
	rootObject = 340922AC192BBEAD00D1497A /* Project object */;
}
